#MicroXplorer Configuration settings - do not modify
Mcu.Family=STM32F4
ProjectManager.MainLocation=Core/Src
Dma.TIM2_CH1.0.MemInc=DMA_MINC_ENABLE
PB13.GPIOParameters=GPIO_Speed,PinState,GPIO_Label
Dma.TIM5_CH4/TRIG.3.FIFOThreshold=DMA_FIFO_THRESHOLD_1QUARTERFULL
PA6.Mode=Full_Duplex_Master
Dma.TIM5_CH2.2.RequestParameters=Instance,Direction,PeriphInc,MemInc,PeriphDataAlignment,MemDataAlignment,Mode,Priority,FIFOMode,FIFOThreshold,MemBurst,PeriphBurst
RCC.CortexFreq_Value=100000000
Dma.TIM5_CH2.2.MemInc=DMA_MINC_ENABLE
ProjectManager.KeepUserCode=true
Mcu.UserName=STM32F411CEUx
SPI1.VirtualType=VM_MASTER
SPI2.VirtualType=VM_MASTER
PB10.Mode=Full_Duplex_Master
Dma.TIM5_CH2.2.Instance=DMA1_Stream4
RCC.PLLCLKFreq_Value=100000000
PB14.GPIO_Label=SPI2_MISO
Dma.TIM5_CH4/TRIG.3.PeriphBurst=DMA_PBURST_SINGLE
RCC.PLLQCLKFreq_Value=50000000
ProjectManager.functionlistsort=1-MX_GPIO_Init-GPIO-false-HAL-true,2-MX_DMA_Init-DMA-false-HAL-true,3-SystemClock_Config-RCC-false-HAL-false,4-MX_SPI1_Init-SPI1-false-HAL-true,5-MX_TIM2_Init-TIM2-false-HAL-true,6-MX_TIM5_Init-TIM5-false-HAL-true,7-MX_TIM11_Init-TIM11-false-HAL-true,8-MX_SPI2_Init-SPI2-false-HAL-true,9-MX_USART1_UART_Init-USART1-false-HAL-true
SH.S_TIM5_CH2.0=TIM5_CH2,PWM Generation2 CH2
RCC.RTCFreq_Value=32000
PA3.GPIOParameters=GPIO_Label
PA6.GPIO_Label=SPI1_MISO
PB0.GPIO_Label=IMU_IRQ
Dma.TIM2_CH1.0.Instance=DMA1_Stream5
USART1.IPParameters=VirtualMode
PB13.GPIO_Label=SPI2_CSN
NVIC.DMA1_Stream4_IRQn=true\:0\:0\:false\:false\:true\:false\:true
PB13.Signal=GPIO_Output
PB15.Signal=SPI2_MOSI
PA2.GPIOParameters=GPIO_Label
PinOutPanel.RotationAngle=0
Dma.TIM2_CH3/UP.1.RequestParameters=Instance,Direction,PeriphInc,MemInc,PeriphDataAlignment,MemDataAlignment,Mode,Priority,FIFOMode,FIFOThreshold,MemBurst,PeriphBurst
RCC.SYSCLKSource=RCC_SYSCLKSOURCE_PLLCLK
ProjectManager.StackSize=0x400
Dma.TIM5_CH2.2.Mode=DMA_NORMAL
Dma.TIM5_CH2.2.FIFOMode=DMA_FIFOMODE_ENABLE
Dma.TIM2_CH3/UP.1.MemBurst=DMA_MBURST_SINGLE
Mcu.IP4=SPI2
RCC.FCLKCortexFreq_Value=100000000
Mcu.IP5=SYS
NVIC.SVCall_IRQn=true\:0\:0\:false\:false\:true\:false\:false
Mcu.IP2=RCC
Mcu.IP3=SPI1
Mcu.IP0=DMA
Mcu.IP1=NVIC
SPI1.CLKPolarity=SPI_POLARITY_HIGH
Mcu.UserConstants=
Dma.TIM5_CH2.2.PeriphInc=DMA_PINC_DISABLE
PH0\ -\ OSC_IN.Signal=RCC_OSC_IN
Mcu.ThirdPartyNb=0
SPI1.Direction=SPI_DIRECTION_2LINES
Dma.TIM5_CH4/TRIG.3.FIFOMode=DMA_FIFOMODE_ENABLE
RCC.HCLKFreq_Value=100000000
Dma.USART1_RX.4.MemDataAlignment=DMA_MDATAALIGN_BYTE
Mcu.IPNb=10
RCC.I2SClocksFreq_Value=150000000
TIM2.IPParameters=Channel-PWM Generation1 CH1,Channel-PWM Generation3 CH3,Prescaler,Period
ProjectManager.PreviousToolchain=
RCC.APB2TimFreq_Value=100000000
Dma.TIM5_CH4/TRIG.3.Instance=DMA1_Stream3
RCC.VcooutputI2S=150000000
PB12.PinState=GPIO_PIN_RESET
SPI1.CalculateBaudRate=6.25 MBits/s
PA8.GPIOParameters=GPIO_Label,GPIO_ModeDefaultEXTI
Mcu.Pin6=PA1
Mcu.Pin7=PA2
Mcu.Pin8=PA3
Mcu.Pin9=PA4
RCC.AHBFreq_Value=100000000
SPI2.BaudRatePrescaler=SPI_BAUDRATEPRESCALER_8
PB13.Locked=true
Mcu.Pin0=PC13-ANTI_TAMP
TIM11.IPParameters=Prescaler,Period
Mcu.Pin1=PC14-OSC32_IN
GPIO.groupedBy=Group By Peripherals
Mcu.Pin2=PC15-OSC32_OUT
Mcu.Pin3=PH0 - OSC_IN
Mcu.Pin4=PH1 - OSC_OUT
PA0-WKUP.GPIOParameters=GPIO_Label
Mcu.Pin5=PA0-WKUP
ProjectManager.ProjectBuild=false
RCC.HSE_VALUE=25000000
NVIC.UsageFault_IRQn=true\:0\:0\:false\:false\:true\:false\:false
NVIC.DebugMonitor_IRQn=true\:0\:0\:false\:false\:true\:false\:false
PB2.Signal=GPIO_Output
PA8.Locked=true
PA4.Locked=true
PC13-ANTI_TAMP.Signal=GPIO_Output
NVIC.SysTick_IRQn=true\:0\:0\:false\:false\:true\:false\:true
PA4.GPIO_Speed=GPIO_SPEED_FREQ_HIGH
PB12.GPIO_Label=CE
PB0.GPIO_ModeDefaultEXTI=GPIO_MODE_IT_FALLING
ProjectManager.FirmwarePackage=STM32Cube FW_F4 V1.26.1
MxDb.Version=DB.6.0.21
Dma.USART1_RX.4.Instance=DMA2_Stream2
PB0.GPIOParameters=GPIO_Label,GPIO_ModeDefaultEXTI
PA1.GPIOParameters=GPIO_Label
ProjectManager.BackupPrevious=false
PC14-OSC32_IN.Mode=LSE-External-Oscillator
RCC.VCOInputFreq_Value=2083333.3333333333
TIM5.Channel-PWM\ Generation4\ CH4=TIM_CHANNEL_4
PA14.Mode=Serial_Wire
PB14.Mode=Full_Duplex_Master
Dma.TIM2_CH1.0.RequestParameters=Instance,Direction,PeriphInc,MemInc,PeriphDataAlignment,MemDataAlignment,Mode,Priority,FIFOMode,FIFOThreshold,MemBurst,PeriphBurst
PB1.GPIO_Label=LED2
File.Version=6
PA10.GPIO_Label=BUZZER
SPI2.CalculateBaudRate=6.25 MBits/s
PB7.Signal=USART1_RX
Dma.TIM5_CH4/TRIG.3.MemBurst=DMA_MBURST_SINGLE
PA8.Signal=GPXTI8
TIM2.Channel-PWM\ Generation1\ CH1=TIM_CHANNEL_1
NVIC.PendSV_IRQn=true\:0\:0\:false\:false\:true\:false\:false
SH.S_TIM5_CH2.ConfNb=1
Dma.TIM2_CH1.0.FIFOThreshold=DMA_FIFO_THRESHOLD_1QUARTERFULL
Dma.TIM5_CH2.2.PeriphDataAlignment=DMA_PDATAALIGN_WORD
Dma.RequestsNb=5
ProjectManager.HalAssertFull=false
PB0.Locked=true
ProjectManager.ProjectName=quadcopter_fw
Dma.TIM2_CH3/UP.1.PeriphBurst=DMA_PBURST_SINGLE
Dma.TIM5_CH2.2.Direction=DMA_MEMORY_TO_PERIPH
Mcu.Package=UFQFPN48
TIM2.Prescaler=0
PB1.Signal=GPIO_Output
PA6.Signal=SPI1_MISO
Dma.TIM2_CH1.0.FIFOMode=DMA_FIFOMODE_ENABLE
PA7.Locked=true
PA5.Locked=true
SPI2.Mode=SPI_MODE_MASTER
Dma.TIM2_CH3/UP.1.MemDataAlignment=DMA_MDATAALIGN_WORD
PA8.GPIO_ModeDefaultEXTI=GPIO_MODE_IT_FALLING
Dma.TIM5_CH4/TRIG.3.Priority=DMA_PRIORITY_VERY_HIGH
SH.GPXTI8.0=GPIO_EXTI8
Dma.USART1_RX.4.Direction=DMA_PERIPH_TO_MEMORY
PA14.Locked=true
ProjectManager.ToolChainLocation=
PA2.GPIO_Label=MOTOR2
RCC.LSI_VALUE=32000
SH.GPXTI0.0=GPIO_EXTI0
VP_SYS_VS_Systick.Signal=SYS_VS_Systick
SH.GPXTI8.ConfNb=1
PA10.Signal=GPIO_Output
VP_TIM11_VS_ClockSourceINT.Signal=TIM11_VS_ClockSourceINT
PA5.GPIOParameters=GPIO_Label
PB14.GPIOParameters=GPIO_Label
Dma.TIM5_CH4/TRIG.3.Mode=DMA_NORMAL
Dma.TIM2_CH1.0.PeriphDataAlignment=DMA_PDATAALIGN_WORD
NVIC.DMA2_Stream2_IRQn=true\:0\:0\:false\:false\:true\:false\:true
Dma.Request2=TIM5_CH2
Dma.Request1=TIM2_CH3/UP
Dma.TIM2_CH3/UP.1.Direction=DMA_MEMORY_TO_PERIPH
RCC.APB1TimFreq_Value=100000000
Dma.Request4=USART1_RX
Dma.TIM2_CH3/UP.1.Priority=DMA_PRIORITY_VERY_HIGH
Dma.Request3=TIM5_CH4/TRIG
Dma.TIM5_CH4/TRIG.3.MemDataAlignment=DMA_MDATAALIGN_WORD
NVIC.BusFault_IRQn=true\:0\:0\:false\:false\:true\:false\:false
Dma.TIM5_CH4/TRIG.3.Direction=DMA_MEMORY_TO_PERIPH
SPI2.Direction=SPI_DIRECTION_2LINES
PB10.GPIOParameters=GPIO_Label
Dma.Request0=TIM2_CH1
SPI1.BaudRatePrescaler=SPI_BAUDRATEPRESCALER_16
PA4.GPIO_Label=SPI1_CS
Dma.TIM2_CH1.0.Direction=DMA_MEMORY_TO_PERIPH
ProjectManager.CustomerFirmwarePackage=
PB15.Locked=true
PA3.Signal=S_TIM5_CH4
PA5.Mode=Full_Duplex_Master
PC13-ANTI_TAMP.GPIOParameters=PinState,GPIO_Label
PA2.Locked=true
PA6.GPIOParameters=GPIO_Label
Dma.TIM2_CH3/UP.1.Instance=DMA1_Stream1
RCC.PLLSourceVirtual=RCC_PLLSOURCE_HSE
PC15-OSC32_OUT.Mode=LSE-External-Oscillator
Dma.TIM2_CH3/UP.1.MemInc=DMA_MINC_ENABLE
ProjectManager.ProjectFileName=quadcopter_fw.ioc
PA7.Mode=Full_Duplex_Master
TIM5.IPParameters=Channel-PWM Generation2 CH2,Channel-PWM Generation4 CH4,Prescaler,Period
Dma.USART1_RX.4.RequestParameters=Instance,Direction,PeriphInc,MemInc,PeriphDataAlignment,MemDataAlignment,Mode,Priority,FIFOMode
Mcu.PinsNb=29
ProjectManager.NoMain=false
Dma.TIM2_CH1.0.MemBurst=DMA_MBURST_SINGLE
SPI1.IPParameters=VirtualType,Mode,Direction,CalculateBaudRate,BaudRatePrescaler,CLKPolarity,CLKPhase
PC13-ANTI_TAMP.GPIO_Label=LED1
Dma.TIM5_CH2.2.MemDataAlignment=DMA_MDATAALIGN_WORD
PH1\ -\ OSC_OUT.Mode=HSE-External-Oscillator
SH.GPXTI0.ConfNb=1
Dma.USART1_RX.4.Priority=DMA_PRIORITY_LOW
ProjectManager.DefaultFWLocation=true
SPI1.CLKPhase=SPI_PHASE_2EDGE
TIM11.Prescaler=99
NVIC.DMA1_Stream1_IRQn=true\:0\:0\:false\:false\:true\:false\:true
PB12.Locked=true
ProjectManager.DeletePrevious=true
Dma.USART1_RX.4.Mode=DMA_CIRCULAR
PB14.Locked=true
RCC.APB1CLKDivider=RCC_HCLK_DIV2
PB10.Locked=true
PC14-OSC32_IN.Signal=RCC_OSC32_IN
Dma.TIM2_CH3/UP.1.Mode=DMA_NORMAL
SH.S_TIM2_CH1_ETR.ConfNb=1
Dma.USART1_RX.4.FIFOMode=DMA_FIFOMODE_DISABLE
RCC.FamilyName=M
PC13-ANTI_TAMP.PinState=GPIO_PIN_SET
PA0-WKUP.GPIO_Label=MOTOR4
PA0-WKUP.Signal=S_TIM2_CH1_ETR
VP_TIM11_VS_ClockSourceINT.Mode=Enable_Timer
PA0-WKUP.Locked=true
PA13.Signal=SYS_JTMS-SWDIO
PA9.Mode=Asynchronous
PH0\ -\ OSC_IN.Mode=HSE-External-Oscillator
Dma.TIM5_CH4/TRIG.3.RequestParameters=Instance,Direction,PeriphInc,MemInc,PeriphDataAlignment,MemDataAlignment,Mode,Priority,FIFOMode,FIFOThreshold,MemBurst,PeriphBurst
PA8.GPIO_Label=IRQ
Dma.TIM5_CH4/TRIG.3.PeriphDataAlignment=DMA_PDATAALIGN_WORD
PA4.PinState=GPIO_PIN_SET
ProjectManager.TargetToolchain=STM32CubeIDE
PB10.GPIO_Label=SPI2_SCK
NVIC.DMA1_Stream5_IRQn=true\:0\:0\:false\:false\:true\:false\:true
PB2.GPIOParameters=GPIO_Label
PA9.Signal=USART1_TX
Dma.TIM2_CH3/UP.1.FIFOMode=DMA_FIFOMODE_ENABLE
PB13.GPIO_Speed=GPIO_SPEED_FREQ_HIGH
SPI2.IPParameters=VirtualType,Mode,Direction,CalculateBaudRate,BaudRatePrescaler
RCC.VCOInputMFreq_Value=1562500
Dma.TIM5_CH2.2.MemBurst=DMA_MBURST_SINGLE
ProjectManager.RegisterCallBack=
PC15-OSC32_OUT.Signal=RCC_OSC32_OUT
PA1.Signal=S_TIM5_CH2
PB12.GPIO_Speed=GPIO_SPEED_FREQ_HIGH
PB1.Locked=true
PB10.Signal=SPI2_SCK
RCC.VCOI2SOutputFreq_Value=300000000
PB14.Signal=SPI2_MISO
PA5.Signal=SPI1_SCK
PH1\ -\ OSC_OUT.Signal=RCC_OSC_OUT
board=custom
RCC.VCOOutputFreq_Value=200000000
PC13-ANTI_TAMP.Locked=true
ProjectManager.LastFirmware=false
PB15.Mode=Full_Duplex_Master
Dma.TIM5_CH4/TRIG.3.MemInc=DMA_MINC_ENABLE
TIM11.Period=999
RCC.APB2Freq_Value=100000000
PB13.PinState=GPIO_PIN_SET
Dma.TIM2_CH1.0.Priority=DMA_PRIORITY_VERY_HIGH
MxCube.Version=6.2.1
PB15.GPIO_Label=SPI2_MOSI
Dma.USART1_RX.4.PeriphDataAlignment=DMA_PDATAALIGN_BYTE
SH.S_TIM2_CH3.0=TIM2_CH3,PWM Generation3 CH3
SPI1.Mode=SPI_MODE_MASTER
PA1.GPIO_Label=MOTOR3
PA10.GPIOParameters=GPIO_Label
VP_SYS_VS_Systick.Mode=SysTick
RCC.EthernetFreq_Value=100000000
TIM2.Channel-PWM\ Generation3\ CH3=TIM_CHANNEL_3
SH.S_TIM5_CH4.0=TIM5_CH4,PWM Generation4 CH4
NVIC.NonMaskableInt_IRQn=true\:0\:0\:false\:false\:true\:false\:false
SH.S_TIM2_CH3.ConfNb=1
PA4.GPIOParameters=GPIO_Speed,PinState,GPIO_Label
SH.S_TIM5_CH4.ConfNb=1
TIM2.Period=0
PB15.GPIOParameters=GPIO_Label
PA13.Mode=Serial_Wire
ProjectManager.FreePins=false
RCC.IPParameters=48MHZClocksFreq_Value,AHBFreq_Value,APB1CLKDivider,APB1Freq_Value,APB1TimFreq_Value,APB2Freq_Value,APB2TimFreq_Value,CortexFreq_Value,EthernetFreq_Value,FCLKCortexFreq_Value,FamilyName,HCLKFreq_Value,HSE_VALUE,HSI_VALUE,I2SClocksFreq_Value,LSI_VALUE,PLLCLKFreq_Value,PLLM,PLLN,PLLQCLKFreq_Value,PLLSourceVirtual,RTCFreq_Value,RTCHSEDivFreq_Value,SYSCLKFreq_VALUE,SYSCLKSource,VCOI2SOutputFreq_Value,VCOInputFreq_Value,VCOInputMFreq_Value,VCOOutputFreq_Value,VcooutputI2S
Dma.TIM2_CH3/UP.1.PeriphDataAlignment=DMA_PDATAALIGN_WORD
ProjectManager.AskForMigrate=true
Mcu.Name=STM32F411C(C-E)Ux
Mcu.Pin26=PB7
Mcu.Pin27=VP_SYS_VS_Systick
RCC.RTCHSEDivFreq_Value=12500000
PA2.Signal=S_TIM2_CH3
Mcu.Pin24=PA13
ProjectManager.UnderRoot=true
Mcu.Pin25=PA14
PB2.Locked=true
Mcu.IP8=TIM11
Dma.TIM5_CH2.2.PeriphBurst=DMA_PBURST_SINGLE
Mcu.IP9=USART1
Mcu.Pin28=VP_TIM11_VS_ClockSourceINT
Mcu.IP6=TIM2
Mcu.IP7=TIM5
ProjectManager.CoupleFile=true
RCC.48MHZClocksFreq_Value=50000000
NVIC.EXTI0_IRQn=true\:0\:0\:false\:false\:true\:true\:true
TIM5.Channel-PWM\ Generation2\ CH2=TIM_CHANNEL_2
PA4.Signal=GPIO_Output
RCC.SYSCLKFreq_VALUE=100000000
Mcu.Pin22=PA9
Dma.TIM2_CH1.0.Mode=DMA_NORMAL
Mcu.Pin23=PA10
PA1.Locked=true
PA7.GPIO_Label=SPI1_MOSI
Mcu.Pin20=PB15
PA3.Locked=true
Mcu.Pin21=PA8
PA10.Locked=true
PA5.GPIO_Label=SPI1_SCK
NVIC.ForceEnableDMAVector=true
KeepUserPlacement=false
TIM5.Prescaler=0
Dma.TIM2_CH1.0.PeriphBurst=DMA_PBURST_SINGLE
NVIC.MemoryManagement_IRQn=true\:0\:0\:false\:false\:true\:false\:false
USART1.VirtualMode=VM_ASYNC
ProjectManager.CompilerOptimize=6
PB7.Mode=Asynchronous
SH.S_TIM2_CH1_ETR.0=TIM2_CH1,PWM Generation1 CH1
Dma.TIM2_CH1.0.MemDataAlignment=DMA_MDATAALIGN_WORD
NVIC.EXTI9_5_IRQn=true\:0\:0\:false\:false\:true\:true\:true
PA14.Signal=SYS_JTCK-SWCLK
Dma.TIM2_CH3/UP.1.PeriphInc=DMA_PINC_DISABLE
Dma.USART1_RX.4.MemInc=DMA_MINC_ENABLE
PB2.GPIO_Label=LED3
ProjectManager.HeapSize=0x200
Mcu.Pin15=PB2
NVIC.HardFault_IRQn=true\:0\:0\:false\:false\:true\:false\:false
Mcu.Pin16=PB10
Mcu.Pin13=PB0
Mcu.Pin14=PB1
Mcu.Pin19=PB14
Dma.TIM5_CH4/TRIG.3.PeriphInc=DMA_PINC_DISABLE
ProjectManager.ComputerToolchain=false
Mcu.Pin17=PB12
RCC.HSI_VALUE=16000000
Mcu.Pin18=PB13
NVIC.PriorityGroup=NVIC_PRIORITYGROUP_4
Dma.TIM5_CH2.2.Priority=DMA_PRIORITY_VERY_HIGH
Mcu.Pin11=PA6
Mcu.Pin12=PA7
RCC.PLLM=12
RCC.PLLN=96
Mcu.Pin10=PA5
Dma.TIM2_CH3/UP.1.FIFOThreshold=DMA_FIFO_THRESHOLD_1QUARTERFULL
PB7.Locked=true
NVIC.DMA1_Stream3_IRQn=true\:0\:0\:false\:false\:true\:false\:true
TIM5.Period=0
Dma.USART1_RX.4.PeriphInc=DMA_PINC_DISABLE
RCC.APB1Freq_Value=50000000
PB0.Signal=GPXTI0
Dma.TIM5_CH2.2.FIFOThreshold=DMA_FIFO_THRESHOLD_1QUARTERFULL
Dma.TIM2_CH1.0.PeriphInc=DMA_PINC_DISABLE
PA7.GPIOParameters=GPIO_Label
ProjectManager.DeviceId=STM32F411CEUx
PB12.GPIOParameters=GPIO_Speed,PinState,GPIO_Label
PB12.Signal=GPIO_Output
ProjectManager.LibraryCopy=1
PA3.GPIO_Label=MOTOR1
PB1.GPIOParameters=GPIO_Label
PA7.Signal=SPI1_MOSI
PA6.Locked=true
isbadioc=false
