#MicroXplorer Configuration settings - do not modify
Mcu.Family=STM32F4
Dma.USART1_RX.5.FIFOMode=DMA_FIFOMODE_DISABLE
Dma.USART1_RX.5.Priority=DMA_PRIORITY_MEDIUM
ProjectManager.MainLocation=Core/Src
Dma.TIM2_CH1.0.MemInc=DMA_MINC_ENABLE
Dma.ADC1.4.FIFOMode=DMA_FIFOMODE_DISABLE
PB13.GPIOParameters=GPIO_Label
Dma.TIM5_CH4/TRIG.3.FIFOThreshold=DMA_FIFO_THRESHOLD_1QUARTERFULL
PA6.Mode=Full_Duplex_Master
Dma.ADC1.4.Priority=DMA_PRIORITY_LOW
Dma.TIM5_CH2.2.RequestParameters=Instance,Direction,PeriphInc,MemInc,PeriphDataAlignment,MemDataAlignment,Mode,Priority,FIFOMode,FIFOThreshold,MemBurst,PeriphBurst
RCC.CortexFreq_Value=100000000
Dma.TIM5_CH2.2.MemInc=DMA_MINC_ENABLE
ProjectManager.KeepUserCode=true
Mcu.UserName=STM32F411CEUx
SPI1.VirtualType=VM_MASTER
SPI2.VirtualType=VM_MASTER
PB10.Mode=Full_Duplex_Master
ADC1.ContinuousConvMode=ENABLE
Dma.USART1_RX.5.Mode=DMA_NORMAL
Dma.USART1_RX.5.Direction=DMA_PERIPH_TO_MEMORY
Dma.TIM5_CH2.2.Instance=DMA1_Stream4
RCC.PLLCLKFreq_Value=100000000
Dma.TIM5_CH4/TRIG.3.PeriphBurst=DMA_PBURST_SINGLE
RCC.PLLQCLKFreq_Value=50000000
ProjectManager.functionlistsort=1-MX_GPIO_Init-GPIO-false-HAL-true,2-MX_DMA_Init-DMA-false-HAL-true,3-SystemClock_Config-RCC-false-HAL-false,4-MX_SPI1_Init-SPI1-false-HAL-true,5-MX_TIM2_Init-TIM2-false-HAL-true,6-MX_TIM5_Init-TIM5-false-HAL-true,7-MX_TIM11_Init-TIM11-false-HAL-true,8-MX_ADC1_Init-ADC1-false-HAL-true,9-MX_SPI2_Init-SPI2-false-HAL-true,10-MX_USART1_UART_Init-USART1-false-HAL-true
SH.S_TIM5_CH2.0=TIM5_CH2,PWM Generation2 CH2
RCC.RTCFreq_Value=32000
PA3.GPIOParameters=GPIO_Label
PB0.GPIO_Label=BATTERY_ADC
Dma.TIM2_CH1.0.Instance=DMA1_Stream5
USART1.IPParameters=VirtualMode
PB13.GPIO_Label=SPI2_CS
NVIC.DMA1_Stream4_IRQn=true\:0\:0\:false\:false\:true\:false\:true
PB13.Signal=GPIO_Output
PB15.Signal=SPI2_MOSI
Dma.ADC1.4.PeriphInc=DMA_PINC_DISABLE
PA2.GPIOParameters=GPIO_Label
PinOutPanel.RotationAngle=0
Dma.TIM2_CH3/UP.1.RequestParameters=Instance,Direction,PeriphInc,MemInc,PeriphDataAlignment,MemDataAlignment,Mode,Priority,FIFOMode,FIFOThreshold,MemBurst,PeriphBurst
RCC.SYSCLKSource=RCC_SYSCLKSOURCE_PLLCLK
ProjectManager.StackSize=0x400
Dma.TIM5_CH2.2.Mode=DMA_NORMAL
Dma.TIM5_CH2.2.FIFOMode=DMA_FIFOMODE_ENABLE
Dma.TIM2_CH3/UP.1.MemBurst=DMA_MBURST_SINGLE
Mcu.IP4=SPI1
RCC.FCLKCortexFreq_Value=100000000
Mcu.IP5=SPI2
Mcu.IP2=NVIC
NVIC.SVCall_IRQn=true\:0\:0\:false\:false\:true\:false\:false
Mcu.IP3=RCC
Mcu.IP0=ADC1
Dma.USART1_RX.5.MemInc=DMA_MINC_ENABLE
Mcu.IP1=DMA
SPI1.CLKPolarity=SPI_POLARITY_HIGH
Mcu.UserConstants=
Dma.TIM5_CH2.2.PeriphInc=DMA_PINC_DISABLE
PH0\ -\ OSC_IN.Signal=RCC_OSC_IN
Mcu.ThirdPartyNb=0
SPI1.Direction=SPI_DIRECTION_2LINES
Dma.TIM5_CH4/TRIG.3.FIFOMode=DMA_FIFOMODE_ENABLE
RCC.HCLKFreq_Value=100000000
Mcu.IPNb=11
RCC.I2SClocksFreq_Value=150000000
TIM2.IPParameters=Channel-PWM Generation1 CH1,Channel-PWM Generation3 CH3,Prescaler,Period
ProjectManager.PreviousToolchain=
RCC.APB2TimFreq_Value=100000000
Dma.TIM5_CH4/TRIG.3.Instance=DMA1_Stream3
RCC.VcooutputI2S=150000000
ADC1.InjNumberOfConversion=0
SPI1.CalculateBaudRate=6.25 MBits/s
Mcu.Pin6=PA1
Mcu.Pin7=PA2
NVIC.DMA2_Stream0_IRQn=true\:0\:0\:false\:false\:true\:false\:true
Mcu.Pin8=PA3
Mcu.Pin9=PA4
Dma.ADC1.4.Instance=DMA2_Stream0
RCC.AHBFreq_Value=100000000
SPI2.BaudRatePrescaler=SPI_BAUDRATEPRESCALER_2
PB13.Locked=true
Mcu.Pin0=PC13-ANTI_TAMP
TIM11.IPParameters=Prescaler,Period
Mcu.Pin1=PC14-OSC32_IN
GPIO.groupedBy=Group By Peripherals
Mcu.Pin2=PC15-OSC32_OUT
Mcu.Pin3=PH0 - OSC_IN
PA0-WKUP.GPIOParameters=GPIO_Label
Mcu.Pin4=PH1 - OSC_OUT
Mcu.Pin5=PA0-WKUP
ProjectManager.ProjectBuild=false
NVIC.TIM1_TRG_COM_TIM11_IRQn=true\:0\:0\:true\:false\:true\:true\:true
RCC.HSE_VALUE=25000000
NVIC.UsageFault_IRQn=true\:0\:0\:false\:false\:true\:false\:false
NVIC.DebugMonitor_IRQn=true\:0\:0\:false\:false\:true\:false\:false
PB2.Signal=GPIO_Output
PB3.Mode=Trace_Asynchronous_SW
PA4.Locked=true
Mcu.IP10=USART1
PC13-ANTI_TAMP.Signal=GPIO_Output
NVIC.SysTick_IRQn=true\:0\:0\:false\:false\:true\:false\:true
PB12.GPIO_Label=SPI2_CE
ProjectManager.FirmwarePackage=STM32Cube FW_F4 V1.26.1
MxDb.Version=DB.6.0.21
PB0.GPIOParameters=GPIO_Label
PA1.GPIOParameters=GPIO_Label
ProjectManager.BackupPrevious=false
PC14-OSC32_IN.Mode=LSE-External-Oscillator
RCC.VCOInputFreq_Value=2083333.3333333333
TIM5.Channel-PWM\ Generation4\ CH4=TIM_CHANNEL_4
PA14.Mode=Trace_Asynchronous_SW
PB14.Mode=Full_Duplex_Master
Dma.TIM2_CH1.0.RequestParameters=Instance,Direction,PeriphInc,MemInc,PeriphDataAlignment,MemDataAlignment,Mode,Priority,FIFOMode,FIFOThreshold,MemBurst,PeriphBurst
PB1.GPIO_Label=LED2
File.Version=6
PA10.GPIO_Label=Buzzer
SH.ADCx_IN8.0=ADC1_IN8,IN8
SPI2.CalculateBaudRate=25.0 MBits/s
PB7.Signal=USART1_RX
Dma.TIM5_CH4/TRIG.3.MemBurst=DMA_MBURST_SINGLE
TIM2.Channel-PWM\ Generation1\ CH1=TIM_CHANNEL_1
NVIC.PendSV_IRQn=true\:0\:0\:false\:false\:true\:false\:false
SH.S_TIM5_CH2.ConfNb=1
Dma.TIM2_CH1.0.FIFOThreshold=DMA_FIFO_THRESHOLD_1QUARTERFULL
Dma.TIM5_CH2.2.PeriphDataAlignment=DMA_PDATAALIGN_WORD
Dma.RequestsNb=6
ProjectManager.HalAssertFull=false
PB0.Locked=true
ProjectManager.ProjectName=firmware
Dma.TIM2_CH3/UP.1.PeriphBurst=DMA_PBURST_SINGLE
Dma.TIM5_CH2.2.Direction=DMA_MEMORY_TO_PERIPH
Mcu.Package=UFQFPN48
TIM2.Prescaler=0
PB1.Signal=GPIO_Output
PA6.Signal=SPI1_MISO
Dma.TIM2_CH1.0.FIFOMode=DMA_FIFOMODE_ENABLE
PA7.Locked=true
PA5.Locked=true
SPI2.Mode=SPI_MODE_MASTER
Dma.TIM2_CH3/UP.1.MemDataAlignment=DMA_MDATAALIGN_WORD
Dma.USART1_RX.5.MemDataAlignment=DMA_MDATAALIGN_BYTE
Dma.TIM5_CH4/TRIG.3.Priority=DMA_PRIORITY_HIGH
PA14.Locked=true
ProjectManager.ToolChainLocation=
PA2.GPIO_Label=MOTOR_2
RCC.LSI_VALUE=32000
VP_SYS_VS_Systick.Signal=SYS_VS_Systick
PA10.Signal=GPIO_Output
Dma.ADC1.4.MemInc=DMA_MINC_ENABLE
VP_TIM11_VS_ClockSourceINT.Signal=TIM11_VS_ClockSourceINT
Dma.TIM5_CH4/TRIG.3.Mode=DMA_NORMAL
Dma.TIM2_CH1.0.PeriphDataAlignment=DMA_PDATAALIGN_WORD
NVIC.DMA2_Stream2_IRQn=true\:0\:0\:false\:false\:true\:false\:true
Dma.Request2=TIM5_CH2
Dma.Request1=TIM2_CH3/UP
Dma.TIM2_CH3/UP.1.Direction=DMA_MEMORY_TO_PERIPH
RCC.APB1TimFreq_Value=100000000
Dma.Request4=ADC1
Dma.TIM2_CH3/UP.1.Priority=DMA_PRIORITY_HIGH
Dma.Request3=TIM5_CH4/TRIG
Dma.TIM5_CH4/TRIG.3.MemDataAlignment=DMA_MDATAALIGN_WORD
NVIC.BusFault_IRQn=true\:0\:0\:false\:false\:true\:false\:false
Dma.Request5=USART1_RX
Dma.TIM5_CH4/TRIG.3.Direction=DMA_MEMORY_TO_PERIPH
SPI2.Direction=SPI_DIRECTION_2LINES
NVIC.USART1_IRQn=true\:0\:0\:false\:false\:true\:true\:true
Dma.Request0=TIM2_CH1
SPI1.BaudRatePrescaler=SPI_BAUDRATEPRESCALER_16
PA4.GPIO_Label=SPI1_CS
Dma.TIM2_CH1.0.Direction=DMA_MEMORY_TO_PERIPH
ProjectManager.CustomerFirmwarePackage=
PB15.Locked=true
PB3.Locked=true
PA3.Signal=S_TIM5_CH4
PA5.Mode=Full_Duplex_Master
PC13-ANTI_TAMP.GPIOParameters=PinState,GPIO_Label
PA2.Locked=true
Dma.TIM2_CH3/UP.1.Instance=DMA1_Stream1
ADC1.Channel-10\#ChannelRegularConversion=ADC_CHANNEL_8
RCC.PLLSourceVirtual=RCC_PLLSOURCE_HSE
PC15-OSC32_OUT.Mode=LSE-External-Oscillator
Dma.TIM2_CH3/UP.1.MemInc=DMA_MINC_ENABLE
ProjectManager.ProjectFileName=firmware.ioc
PA7.Mode=Full_Duplex_Master
TIM5.IPParameters=Channel-PWM Generation2 CH2,Channel-PWM Generation4 CH4,Prescaler,Period
Mcu.PinsNb=29
ADC1.Rank-10\#ChannelRegularConversion=1
ProjectManager.NoMain=false
Dma.TIM2_CH1.0.MemBurst=DMA_MBURST_SINGLE
SPI1.IPParameters=VirtualType,Mode,Direction,CalculateBaudRate,BaudRatePrescaler,CLKPolarity,CLKPhase
PC13-ANTI_TAMP.GPIO_Label=LED1
ADC1.IPParameters=Rank-10\#ChannelRegularConversion,master,Channel-10\#ChannelRegularConversion,SamplingTime-10\#ChannelRegularConversion,NbrOfConversionFlag,ContinuousConvMode,DMAContinuousRequests,InjNumberOfConversion
Dma.USART1_RX.5.RequestParameters=Instance,Direction,PeriphInc,MemInc,PeriphDataAlignment,MemDataAlignment,Mode,Priority,FIFOMode
Dma.TIM5_CH2.2.MemDataAlignment=DMA_MDATAALIGN_WORD
PH1\ -\ OSC_OUT.Mode=HSE-External-Oscillator
Dma.ADC1.4.PeriphDataAlignment=DMA_PDATAALIGN_HALFWORD
ProjectManager.DefaultFWLocation=true
SPI1.CLKPhase=SPI_PHASE_2EDGE
TIM11.Prescaler=0
NVIC.DMA1_Stream1_IRQn=true\:0\:0\:false\:false\:true\:false\:true
PB12.Locked=true
ProjectManager.DeletePrevious=true
PB14.Locked=true
RCC.APB1CLKDivider=RCC_HCLK_DIV2
PB10.Locked=true
PC14-OSC32_IN.Signal=RCC_OSC32_IN
Dma.TIM2_CH3/UP.1.Mode=DMA_NORMAL
SH.S_TIM2_CH1_ETR.ConfNb=1
RCC.FamilyName=M
PC13-ANTI_TAMP.PinState=GPIO_PIN_SET
PA0-WKUP.GPIO_Label=MOTOR_3
PA0-WKUP.Signal=S_TIM2_CH1_ETR
VP_TIM11_VS_ClockSourceINT.Mode=Enable_Timer
PA0-WKUP.Locked=true
PA13.Signal=SYS_JTMS-SWDIO
PA9.Mode=Asynchronous
PH0\ -\ OSC_IN.Mode=HSE-External-Oscillator
Dma.TIM5_CH4/TRIG.3.RequestParameters=Instance,Direction,PeriphInc,MemInc,PeriphDataAlignment,MemDataAlignment,Mode,Priority,FIFOMode,FIFOThreshold,MemBurst,PeriphBurst
Dma.USART1_RX.5.PeriphInc=DMA_PINC_DISABLE
Dma.TIM5_CH4/TRIG.3.PeriphDataAlignment=DMA_PDATAALIGN_WORD
PA4.PinState=GPIO_PIN_RESET
ProjectManager.TargetToolchain=STM32CubeIDE
NVIC.DMA1_Stream5_IRQn=true\:0\:0\:false\:false\:true\:false\:true
Dma.ADC1.4.RequestParameters=Instance,Direction,PeriphInc,MemInc,PeriphDataAlignment,MemDataAlignment,Mode,Priority,FIFOMode
PB2.GPIOParameters=GPIO_Label
PA9.Signal=USART1_TX
Dma.TIM2_CH3/UP.1.FIFOMode=DMA_FIFOMODE_ENABLE
SPI2.IPParameters=VirtualType,Mode,Direction,CalculateBaudRate,BaudRatePrescaler
RCC.VCOInputMFreq_Value=1562500
Dma.TIM5_CH2.2.MemBurst=DMA_MBURST_SINGLE
ProjectManager.RegisterCallBack=
PC15-OSC32_OUT.Signal=RCC_OSC32_OUT
PA1.Signal=S_TIM5_CH2
PB1.Locked=true
PB10.Signal=SPI2_SCK
RCC.VCOI2SOutputFreq_Value=300000000
PB14.Signal=SPI2_MISO
PA5.Signal=SPI1_SCK
PH1\ -\ OSC_OUT.Signal=RCC_OSC_OUT
board=custom
RCC.VCOOutputFreq_Value=200000000
PC13-ANTI_TAMP.Locked=true
ProjectManager.LastFirmware=true
PB15.Mode=Full_Duplex_Master
Dma.TIM5_CH4/TRIG.3.MemInc=DMA_MINC_ENABLE
TIM11.Period=0
Dma.USART1_RX.5.PeriphDataAlignment=DMA_PDATAALIGN_BYTE
RCC.APB2Freq_Value=100000000
Dma.TIM2_CH1.0.Priority=DMA_PRIORITY_HIGH
MxCube.Version=6.2.1
SH.S_TIM2_CH3.0=TIM2_CH3,PWM Generation3 CH3
SPI1.Mode=SPI_MODE_MASTER
PA1.GPIO_Label=MOTOR_4
PA10.GPIOParameters=GPIO_Label
VP_SYS_VS_Systick.Mode=SysTick
RCC.EthernetFreq_Value=100000000
TIM2.Channel-PWM\ Generation3\ CH3=TIM_CHANNEL_3
SH.S_TIM5_CH4.0=TIM5_CH4,PWM Generation4 CH4
Dma.ADC1.4.Mode=DMA_CIRCULAR
NVIC.NonMaskableInt_IRQn=true\:0\:0\:false\:false\:true\:false\:false
SH.S_TIM2_CH3.ConfNb=1
PA4.GPIOParameters=PinState,GPIO_Label
SH.S_TIM5_CH4.ConfNb=1
ADC1.SamplingTime-10\#ChannelRegularConversion=ADC_SAMPLETIME_84CYCLES
ADC1.DMAContinuousRequests=ENABLE
TIM2.Period=0
SH.ADCx_IN8.ConfNb=1
PA13.Mode=Trace_Asynchronous_SW
ProjectManager.FreePins=false
Dma.ADC1.4.MemDataAlignment=DMA_MDATAALIGN_HALFWORD
RCC.IPParameters=48MHZClocksFreq_Value,AHBFreq_Value,APB1CLKDivider,APB1Freq_Value,APB1TimFreq_Value,APB2Freq_Value,APB2TimFreq_Value,CortexFreq_Value,EthernetFreq_Value,FCLKCortexFreq_Value,FamilyName,HCLKFreq_Value,HSE_VALUE,HSI_VALUE,I2SClocksFreq_Value,LSI_VALUE,PLLCLKFreq_Value,PLLM,PLLN,PLLQCLKFreq_Value,PLLSourceVirtual,RTCFreq_Value,RTCHSEDivFreq_Value,SYSCLKFreq_VALUE,SYSCLKSource,VCOI2SOutputFreq_Value,VCOInputFreq_Value,VCOInputMFreq_Value,VCOOutputFreq_Value,VcooutputI2S
Dma.TIM2_CH3/UP.1.PeriphDataAlignment=DMA_PDATAALIGN_WORD
ProjectManager.AskForMigrate=true
Mcu.Name=STM32F411C(C-E)Ux
Mcu.Pin26=PB7
Mcu.Pin27=VP_SYS_VS_Systick
RCC.RTCHSEDivFreq_Value=12500000
PA2.Signal=S_TIM2_CH3
Mcu.Pin24=PA14
ProjectManager.UnderRoot=true
Mcu.Pin25=PB3
PB2.Locked=true
Mcu.IP8=TIM5
Dma.TIM5_CH2.2.PeriphBurst=DMA_PBURST_SINGLE
Mcu.IP9=TIM11
Mcu.Pin28=VP_TIM11_VS_ClockSourceINT
Mcu.IP6=SYS
Mcu.IP7=TIM2
ProjectManager.CoupleFile=true
RCC.48MHZClocksFreq_Value=50000000
PB3.Signal=SYS_JTDO-SWO
TIM5.Channel-PWM\ Generation2\ CH2=TIM_CHANNEL_2
PA4.Signal=GPIO_Output
RCC.SYSCLKFreq_VALUE=100000000
Mcu.Pin22=PA10
Dma.TIM2_CH1.0.Mode=DMA_NORMAL
Mcu.Pin23=PA13
PA1.Locked=true
Mcu.Pin20=PB15
ADC1.master=1
PA3.Locked=true
Mcu.Pin21=PA9
PA10.Locked=true
NVIC.ForceEnableDMAVector=true
KeepUserPlacement=false
TIM5.Prescaler=0
Dma.TIM2_CH1.0.PeriphBurst=DMA_PBURST_SINGLE
NVIC.MemoryManagement_IRQn=true\:0\:0\:false\:false\:true\:false\:false
USART1.VirtualMode=VM_ASYNC
ProjectManager.CompilerOptimize=6
PB7.Mode=Asynchronous
SH.S_TIM2_CH1_ETR.0=TIM2_CH1,PWM Generation1 CH1
Dma.TIM2_CH1.0.MemDataAlignment=DMA_MDATAALIGN_WORD
PA14.Signal=SYS_JTCK-SWCLK
Dma.TIM2_CH3/UP.1.PeriphInc=DMA_PINC_DISABLE
PB2.GPIO_Label=LED3
ProjectManager.HeapSize=0x200
Mcu.Pin15=PB2
NVIC.HardFault_IRQn=true\:0\:0\:false\:false\:true\:false\:false
Mcu.Pin16=PB10
Mcu.Pin13=PB0
Mcu.Pin14=PB1
Mcu.Pin19=PB14
Dma.TIM5_CH4/TRIG.3.PeriphInc=DMA_PINC_DISABLE
Dma.ADC1.4.Direction=DMA_PERIPH_TO_MEMORY
ProjectManager.ComputerToolchain=false
Mcu.Pin17=PB12
RCC.HSI_VALUE=16000000
Mcu.Pin18=PB13
NVIC.PriorityGroup=NVIC_PRIORITYGROUP_4
ADC1.NbrOfConversionFlag=1
Dma.TIM5_CH2.2.Priority=DMA_PRIORITY_HIGH
Mcu.Pin11=PA6
Mcu.Pin12=PA7
RCC.PLLM=12
RCC.PLLN=96
Mcu.Pin10=PA5
Dma.TIM2_CH3/UP.1.FIFOThreshold=DMA_FIFO_THRESHOLD_1QUARTERFULL
Dma.USART1_RX.5.Instance=DMA2_Stream2
NVIC.DMA1_Stream3_IRQn=true\:0\:0\:false\:false\:true\:false\:true
TIM5.Period=0
RCC.APB1Freq_Value=50000000
PB0.Signal=ADCx_IN8
Dma.TIM5_CH2.2.FIFOThreshold=DMA_FIFO_THRESHOLD_1QUARTERFULL
Dma.TIM2_CH1.0.PeriphInc=DMA_PINC_DISABLE
ProjectManager.DeviceId=STM32F411CEUx
PB12.GPIOParameters=GPIO_Label
PB12.Signal=GPIO_Output
ProjectManager.LibraryCopy=1
PA3.GPIO_Label=MOTOR_1
PB1.GPIOParameters=GPIO_Label
PA7.Signal=SPI1_MOSI
PA6.Locked=true
isbadioc=false
